
Microsoft Visual Studio Solution File, Format Version 12.00
# Visual Studio Version 17
VisualStudioVersion = 17.9.34701.34
MinimumVisualStudioVersion = 10.0.40219.1
Project("{9A19103F-16F7-4668-BE54-9A1E7A4F7556}") = "PhloSystemsBackendTechApplication", "PhloSystemsBackendTechApplication\PhloSystemsBackendTechApplication.csproj", "{930E0DB2-2B4F-4C1F-9A2C-5FB9E366E1FC}"
EndProject
Global
	GlobalSection(SolutionConfigurationPlatforms) = preSolution
		Debug|Any CPU = Debug|Any CPU
		Release|Any CPU = Release|Any CPU
	EndGlobalSection
	GlobalSection(ProjectConfigurationPlatforms) = postSolution
		{930E0DB2-2B4F-4C1F-9A2C-5FB9E366E1FC}.Debug|Any CPU.ActiveCfg = Debug|Any CPU
		{930E0DB2-2B4F-4C1F-9A2C-5FB9E366E1FC}.Debug|Any CPU.Build.0 = Debug|Any CPU
		{930E0DB2-2B4F-4C1F-9A2C-5FB9E366E1FC}.Release|Any CPU.ActiveCfg = Release|Any CPU
		{930E0DB2-2B4F-4C1F-9A2C-5FB9E366E1FC}.Release|Any CPU.Build.0 = Release|Any CPU
	EndGlobalSection
	GlobalSection(SolutionProperties) = preSolution
		HideSolutionNode = FALSE
	EndGlobalSection
	GlobalSection(ExtensibilityGlobals) = postSolution
		SolutionGuid = {95B32CCA-DC0E-4017-AF10-D4F4FD0908A7}
	EndGlobalSection
EndGlobal
